
Microsoft Visual Studio Solution File, Format Version 12.00
# Visual Studio 15
Project("{FAE04EC0-301F-11D3-BF4B-00C04F79EFBC}") = "Assembly-CSharp", "Assembly-CSharp.csproj", "{EACC92C1-0F9A-6419-D95D-A0C7ED269C72}"
EndProject
Global
	GlobalSection(SolutionConfigurationPlatforms) = preSolution
		Debug|Any CPU = Debug|Any CPU
		Release|Any CPU = Release|Any CPU
	EndGlobalSection
	GlobalSection(ProjectConfigurationPlatforms) = postSolution
		{EACC92C1-0F9A-6419-D95D-A0C7ED269C72}.Debug|Any CPU.ActiveCfg = Debug|Any CPU
		{EACC92C1-0F9A-6419-D95D-A0C7ED269C72}.Debug|Any CPU.Build.0 = Debug|Any CPU
		{EACC92C1-0F9A-6419-D95D-A0C7ED269C72}.Release|Any CPU.ActiveCfg = Release|Any CPU
		{EACC92C1-0F9A-6419-D95D-A0C7ED269C72}.Release|Any CPU.Build.0 = Release|Any CPU
	EndGlobalSection
	GlobalSection(SolutionProperties) = preSolution
		HideSolutionNode = FALSE
	EndGlobalSection
EndGlobal
